schema: '2.0'
stages:
  data_ingestion:
    cmd: python src/data_ingestion.py
    deps:
    - path: src/data_ingestion.py
      hash: md5
      md5: eb85451b1448cda321799da667090747
      size: 3405
    params:
      params.yaml:
        data_ingestion.test_size: 0.25
    outs:
    - path: data/raw
      hash: md5
      md5: ea483c1ec6438ed134abbb077e6bf258.dir
      size: 479272
      nfiles: 2
  data_processing:
    cmd: python src/data_processing.py
    deps:
    - path: data/raw
      hash: md5
      md5: ea483c1ec6438ed134abbb077e6bf258.dir
      size: 479272
      nfiles: 2
    - path: src/data_processing.py
      hash: md5
      md5: 3d4c7cc212ad926fc8b35a3bdc93ebb8
      size: 3223
    outs:
    - path: data/interim
      hash: md5
      md5: c101c05da7d2c3c01faa316de93a39ac.dir
      size: 256164
      nfiles: 2
  feature_engineering:
    cmd: python src/feature_engineering.py
    deps:
    - path: data/interim
      hash: md5
      md5: c101c05da7d2c3c01faa316de93a39ac.dir
      size: 256164
      nfiles: 2
    - path: src/feature_engineering.py
      hash: md5
      md5: bfb0568d42a1caaa878c956208f4090a
      size: 3563
    params:
      params.yaml:
        feature_engineering.max_features: 40
    outs:
    - path: data/processed
      hash: md5
      md5: 0655eeaa5b01dff76f30e92e7db602a4.dir
      size: 948518
      nfiles: 2
  model_building:
    cmd: python src/model_building.py
    deps:
    - path: data/processed
      hash: md5
      md5: 0655eeaa5b01dff76f30e92e7db602a4.dir
      size: 948518
      nfiles: 2
    - path: src/model_building.py
      hash: md5
      md5: 761c392b4f4bd9112a6ae8579e0a53d1
      size: 3795
    params:
      params.yaml:
        model_building.n_estimators: 24
        model_building.random_state: 2
    outs:
    - path: models/model.pkl
      hash: md5
      md5: 83737bd34ae678d5a75743122b3228fa
      size: 786093
  model_evaluation:
    cmd: python src/model_evaluation.py
    deps:
    - path: models/model.pkl
      hash: md5
      md5: 83737bd34ae678d5a75743122b3228fa
      size: 786093
    - path: src/model_evaluation.py
      hash: md5
      md5: 295a2ed27d13fb4037b3332a032530e4
      size: 4246
    outs:
    - path: reports/metrics.json
      hash: md5
      md5: 9ced0028f656b6de0c6f5c04a9d4bc15
      size: 139
