schema: '2.0'
stages:
  data_ingestion:
    cmd: python src/data_ingestion.py
    deps:
    - path: src/data_ingestion.py
      hash: md5
      md5: eb85451b1448cda321799da667090747
      size: 3405
    params:
      params.yaml:
        data_ingestion.test_size: 0.21
    outs:
    - path: data/raw
      hash: md5
      md5: faa731f35ea341df6288539e3619c59a.dir
      size: 479272
      nfiles: 2
  data_processing:
    cmd: python src/data_processing.py
    deps:
    - path: data/raw
      hash: md5
      md5: faa731f35ea341df6288539e3619c59a.dir
      size: 479272
      nfiles: 2
    - path: src/data_processing.py
      hash: md5
      md5: 3d4c7cc212ad926fc8b35a3bdc93ebb8
      size: 3223
    outs:
    - path: data/interim
      hash: md5
      md5: d09aeab3a28aac88c98c394d8da77475.dir
      size: 255240
      nfiles: 2
  feature_engineering:
    cmd: python src/feature_engineering.py
    deps:
    - path: data/interim
      hash: md5
      md5: d09aeab3a28aac88c98c394d8da77475.dir
      size: 255240
      nfiles: 2
    - path: src/feature_engineering.py
      hash: md5
      md5: bfb0568d42a1caaa878c956208f4090a
      size: 3563
    params:
      params.yaml:
        feature_engineering.max_features: 51
    outs:
    - path: data/processed
      hash: md5
      md5: 8cd3ad8016306f94a08f249cd20a264f.dir
      size: 1198051
      nfiles: 2
  model_building:
    cmd: python src/model_building.py
    deps:
    - path: data/processed
      hash: md5
      md5: 8cd3ad8016306f94a08f249cd20a264f.dir
      size: 1198051
      nfiles: 2
    - path: src/model_building.py
      hash: md5
      md5: 761c392b4f4bd9112a6ae8579e0a53d1
      size: 3795
    params:
      params.yaml:
        model_building.n_estimators: 31
        model_building.random_state: 2
    outs:
    - path: models/model.pkl
      hash: md5
      md5: 58d7d231791f831d324e55bc6841c090
      size: 1219558
  model_evaluation:
    cmd: python src/model_evaluation.py
    deps:
    - path: models/model.pkl
      hash: md5
      md5: 58d7d231791f831d324e55bc6841c090
      size: 1219558
    - path: src/model_evaluation.py
      hash: md5
      md5: ce6448f5db484f0a1768d43760e4eacb
      size: 4265
    outs:
    - path: reports/metrics.json
      hash: md5
      md5: 549f82ffb0e1fd3ce8e5b4622abdab01
      size: 128
